
Microsoft Visual Studio Solution File, Format Version 11.00
# Visual Studio 2010
Project("{F184B08F-C81C-45F6-A57F-5ABD9991F28F}") = "PowerManagement", "PowerManagement\PowerManagement.vbproj", "{09E44830-EF24-4D98-B891-45F70AB3F670}"
EndProject
Global
	GlobalSection(SolutionConfigurationPlatforms) = preSolution
		Debug|x86 = Debug|x86
		Release|x86 = Release|x86
	EndGlobalSection
	GlobalSection(ProjectConfigurationPlatforms) = postSolution
		{09E44830-EF24-4D98-B891-45F70AB3F670}.Debug|x86.ActiveCfg = Debug|x86
		{09E44830-EF24-4D98-B891-45F70AB3F670}.Debug|x86.Build.0 = Debug|x86
		{09E44830-EF24-4D98-B891-45F70AB3F670}.Release|x86.ActiveCfg = Release|x86
		{09E44830-EF24-4D98-B891-45F70AB3F670}.Release|x86.Build.0 = Release|x86
	EndGlobalSection
	GlobalSection(SolutionProperties) = preSolution
		HideSolutionNode = FALSE
	EndGlobalSection
EndGlobal
